
Microsoft Visual Studio Solution File, Format Version 12.00
Project("{FAE04EC0-301F-11D3-BF4B-00C04F79EFBC}") = "PollyResilience.PMS.API", "PollyResilience.PMS.API\PollyResilience.PMS.API.csproj", "{0376D097-8D12-4CDF-BFA4-2D8E324B120E}"
EndProject
Project("{2150E333-8FDC-42A3-9474-1A3956D46DE8}") = "src", "src", "{DB66BB33-0A6A-4817-866E-EAAC708EB7C5}"
EndProject
Project("{2150E333-8FDC-42A3-9474-1A3956D46DE8}") = "ExternalService", "ExternalService", "{309E76C1-9451-427E-9B33-C88E554E090B}"
EndProject
Project("{2150E333-8FDC-42A3-9474-1A3956D46DE8}") = "Client", "Client", "{8C0D2114-A6A7-467F-93DB-6DD05F8513C4}"
EndProject
Project("{FAE04EC0-301F-11D3-BF4B-00C04F79EFBC}") = "PollyResilience.Guest.API", "PollyResilience.Guest.API\PollyResilience.Guest.API.csproj", "{F127C28E-54E9-4994-807D-F39E655A88C3}"
EndProject
Project("{2150E333-8FDC-42A3-9474-1A3956D46DE8}") = "Shared", "Shared", "{EB31479A-4921-44DB-88AF-16430CF540CA}"
EndProject
Project("{FAE04EC0-301F-11D3-BF4B-00C04F79EFBC}") = "Common", "Common\Common.csproj", "{6E0D26E3-C026-45D4-B22B-08ACFF38E26B}"
EndProject
Project("{2150E333-8FDC-42A3-9474-1A3956D46DE8}") = "Solution Items", "Solution Items", "{5E670165-E619-441D-A106-519EC4E3D508}"
	ProjectSection(SolutionItems) = preProject
		docker-compose.yml = docker-compose.yml
	EndProjectSection
EndProject
Global
	GlobalSection(SolutionConfigurationPlatforms) = preSolution
		Debug|Any CPU = Debug|Any CPU
		Release|Any CPU = Release|Any CPU
	EndGlobalSection
	GlobalSection(ProjectConfigurationPlatforms) = postSolution
		{0376D097-8D12-4CDF-BFA4-2D8E324B120E}.Debug|Any CPU.ActiveCfg = Debug|Any CPU
		{0376D097-8D12-4CDF-BFA4-2D8E324B120E}.Debug|Any CPU.Build.0 = Debug|Any CPU
		{0376D097-8D12-4CDF-BFA4-2D8E324B120E}.Release|Any CPU.ActiveCfg = Release|Any CPU
		{0376D097-8D12-4CDF-BFA4-2D8E324B120E}.Release|Any CPU.Build.0 = Release|Any CPU
		{F127C28E-54E9-4994-807D-F39E655A88C3}.Debug|Any CPU.ActiveCfg = Debug|Any CPU
		{F127C28E-54E9-4994-807D-F39E655A88C3}.Debug|Any CPU.Build.0 = Debug|Any CPU
		{F127C28E-54E9-4994-807D-F39E655A88C3}.Release|Any CPU.ActiveCfg = Release|Any CPU
		{F127C28E-54E9-4994-807D-F39E655A88C3}.Release|Any CPU.Build.0 = Release|Any CPU
		{6E0D26E3-C026-45D4-B22B-08ACFF38E26B}.Debug|Any CPU.ActiveCfg = Debug|Any CPU
		{6E0D26E3-C026-45D4-B22B-08ACFF38E26B}.Debug|Any CPU.Build.0 = Debug|Any CPU
		{6E0D26E3-C026-45D4-B22B-08ACFF38E26B}.Release|Any CPU.ActiveCfg = Release|Any CPU
		{6E0D26E3-C026-45D4-B22B-08ACFF38E26B}.Release|Any CPU.Build.0 = Release|Any CPU
	EndGlobalSection
	GlobalSection(NestedProjects) = preSolution
		{309E76C1-9451-427E-9B33-C88E554E090B} = {DB66BB33-0A6A-4817-866E-EAAC708EB7C5}
		{0376D097-8D12-4CDF-BFA4-2D8E324B120E} = {309E76C1-9451-427E-9B33-C88E554E090B}
		{8C0D2114-A6A7-467F-93DB-6DD05F8513C4} = {DB66BB33-0A6A-4817-866E-EAAC708EB7C5}
		{F127C28E-54E9-4994-807D-F39E655A88C3} = {8C0D2114-A6A7-467F-93DB-6DD05F8513C4}
		{EB31479A-4921-44DB-88AF-16430CF540CA} = {DB66BB33-0A6A-4817-866E-EAAC708EB7C5}
		{6E0D26E3-C026-45D4-B22B-08ACFF38E26B} = {EB31479A-4921-44DB-88AF-16430CF540CA}
	EndGlobalSection
EndGlobal
